
Microsoft Visual Studio Solution File, Format Version 12.00
# Visual Studio Version 17
VisualStudioVersion = 17.13.35818.85
MinimumVisualStudioVersion = 10.0.40219.1
Project("{FAE04EC0-301F-11D3-BF4B-00C04F79EFBC}") = "Relias.PEBot.Console", "src\Relias.PEBot.Console\Relias.PEBot.Console.csproj", "{1B5C9D91-65A6-2522-C50D-BF783A2C51F5}"
EndProject
Project("{FAE04EC0-301F-11D3-BF4B-00C04F79EFBC}") = "Relias.PEBot.Slack", "src\Relias.PEBot.Slack\Relias.PEBot.Slack.csproj", "{74FF7123-691D-0BF8-A996-0E346121556C}"
EndProject
Project("{FAE04EC0-301F-11D3-BF4B-00C04F79EFBC}") = "Relias.PEBot.AI", "src\Relias.PEBot.AI\Relias.PEBot.AI.csproj", "{26B3A1A8-38CD-4467-A3F7-27E5E75C2F8D}"
EndProject
Project("{2150E333-8FDC-42A3-9474-1A3956D46DE8}") = "tests", "tests", "{0AB3BF05-4346-4AA6-1389-037BE0695223}"
EndProject
Project("{FAE04EC0-301F-11D3-BF4B-00C04F79EFBC}") = "Relias.PEBot.UnitTests", "tests\Relias.PEBot.UnitTests\Relias.PEBot.UnitTests.csproj", "{C51A3191-88B4-4C17-9469-7F43FAD6DBDE}"
EndProject
Global
	GlobalSection(SolutionConfigurationPlatforms) = preSolution
		Debug|Any CPU = Debug|Any CPU
		Debug|x64 = Debug|x64
		Debug|x86 = Debug|x86
		Release|Any CPU = Release|Any CPU
		Release|x64 = Release|x64
		Release|x86 = Release|x86
	EndGlobalSection
	GlobalSection(ProjectConfigurationPlatforms) = postSolution
		{1B5C9D91-65A6-2522-C50D-BF783A2C51F5}.Debug|Any CPU.ActiveCfg = Debug|Any CPU
		{1B5C9D91-65A6-2522-C50D-BF783A2C51F5}.Debug|Any CPU.Build.0 = Debug|Any CPU
		{1B5C9D91-65A6-2522-C50D-BF783A2C51F5}.Debug|x64.ActiveCfg = Debug|Any CPU
		{1B5C9D91-65A6-2522-C50D-BF783A2C51F5}.Debug|x64.Build.0 = Debug|Any CPU
		{1B5C9D91-65A6-2522-C50D-BF783A2C51F5}.Debug|x86.ActiveCfg = Debug|Any CPU
		{1B5C9D91-65A6-2522-C50D-BF783A2C51F5}.Debug|x86.Build.0 = Debug|Any CPU
		{1B5C9D91-65A6-2522-C50D-BF783A2C51F5}.Release|Any CPU.ActiveCfg = Release|Any CPU
		{1B5C9D91-65A6-2522-C50D-BF783A2C51F5}.Release|Any CPU.Build.0 = Release|Any CPU
		{1B5C9D91-65A6-2522-C50D-BF783A2C51F5}.Release|x64.ActiveCfg = Release|Any CPU
		{1B5C9D91-65A6-2522-C50D-BF783A2C51F5}.Release|x64.Build.0 = Release|Any CPU
		{1B5C9D91-65A6-2522-C50D-BF783A2C51F5}.Release|x86.ActiveCfg = Release|Any CPU
		{1B5C9D91-65A6-2522-C50D-BF783A2C51F5}.Release|x86.Build.0 = Release|Any CPU
		{74FF7123-691D-0BF8-A996-0E346121556C}.Debug|Any CPU.ActiveCfg = Debug|Any CPU
		{74FF7123-691D-0BF8-A996-0E346121556C}.Debug|Any CPU.Build.0 = Debug|Any CPU
		{74FF7123-691D-0BF8-A996-0E346121556C}.Debug|x64.ActiveCfg = Debug|Any CPU
		{74FF7123-691D-0BF8-A996-0E346121556C}.Debug|x64.Build.0 = Debug|Any CPU
		{74FF7123-691D-0BF8-A996-0E346121556C}.Debug|x86.ActiveCfg = Debug|Any CPU
		{74FF7123-691D-0BF8-A996-0E346121556C}.Debug|x86.Build.0 = Debug|Any CPU
		{74FF7123-691D-0BF8-A996-0E346121556C}.Release|Any CPU.ActiveCfg = Release|Any CPU
		{74FF7123-691D-0BF8-A996-0E346121556C}.Release|Any CPU.Build.0 = Release|Any CPU
		{74FF7123-691D-0BF8-A996-0E346121556C}.Release|x64.ActiveCfg = Release|Any CPU
		{74FF7123-691D-0BF8-A996-0E346121556C}.Release|x64.Build.0 = Release|Any CPU
		{74FF7123-691D-0BF8-A996-0E346121556C}.Release|x86.ActiveCfg = Release|Any CPU
		{74FF7123-691D-0BF8-A996-0E346121556C}.Release|x86.Build.0 = Release|Any CPU
		{26B3A1A8-38CD-4467-A3F7-27E5E75C2F8D}.Debug|Any CPU.ActiveCfg = Debug|Any CPU
		{26B3A1A8-38CD-4467-A3F7-27E5E75C2F8D}.Debug|Any CPU.Build.0 = Debug|Any CPU
		{26B3A1A8-38CD-4467-A3F7-27E5E75C2F8D}.Debug|x64.ActiveCfg = Debug|Any CPU
		{26B3A1A8-38CD-4467-A3F7-27E5E75C2F8D}.Debug|x64.Build.0 = Debug|Any CPU
		{26B3A1A8-38CD-4467-A3F7-27E5E75C2F8D}.Debug|x86.ActiveCfg = Debug|Any CPU
		{26B3A1A8-38CD-4467-A3F7-27E5E75C2F8D}.Debug|x86.Build.0 = Debug|Any CPU
		{26B3A1A8-38CD-4467-A3F7-27E5E75C2F8D}.Release|Any CPU.ActiveCfg = Release|Any CPU
		{26B3A1A8-38CD-4467-A3F7-27E5E75C2F8D}.Release|Any CPU.Build.0 = Release|Any CPU
		{26B3A1A8-38CD-4467-A3F7-27E5E75C2F8D}.Release|x64.ActiveCfg = Release|Any CPU
		{26B3A1A8-38CD-4467-A3F7-27E5E75C2F8D}.Release|x64.Build.0 = Release|Any CPU
		{26B3A1A8-38CD-4467-A3F7-27E5E75C2F8D}.Release|x86.ActiveCfg = Release|Any CPU
		{26B3A1A8-38CD-4467-A3F7-27E5E75C2F8D}.Release|x86.Build.0 = Release|Any CPU
		{C51A3191-88B4-4C17-9469-7F43FAD6DBDE}.Debug|Any CPU.ActiveCfg = Debug|Any CPU
		{C51A3191-88B4-4C17-9469-7F43FAD6DBDE}.Debug|Any CPU.Build.0 = Debug|Any CPU
		{C51A3191-88B4-4C17-9469-7F43FAD6DBDE}.Debug|x64.ActiveCfg = Debug|Any CPU
		{C51A3191-88B4-4C17-9469-7F43FAD6DBDE}.Debug|x64.Build.0 = Debug|Any CPU
		{C51A3191-88B4-4C17-9469-7F43FAD6DBDE}.Debug|x86.ActiveCfg = Debug|Any CPU
		{C51A3191-88B4-4C17-9469-7F43FAD6DBDE}.Debug|x86.Build.0 = Debug|Any CPU
		{C51A3191-88B4-4C17-9469-7F43FAD6DBDE}.Release|Any CPU.ActiveCfg = Release|Any CPU
		{C51A3191-88B4-4C17-9469-7F43FAD6DBDE}.Release|Any CPU.Build.0 = Release|Any CPU
		{C51A3191-88B4-4C17-9469-7F43FAD6DBDE}.Release|x64.ActiveCfg = Release|Any CPU
		{C51A3191-88B4-4C17-9469-7F43FAD6DBDE}.Release|x64.Build.0 = Release|Any CPU
		{C51A3191-88B4-4C17-9469-7F43FAD6DBDE}.Release|x86.ActiveCfg = Release|Any CPU
		{C51A3191-88B4-4C17-9469-7F43FAD6DBDE}.Release|x86.Build.0 = Release|Any CPU
	EndGlobalSection
	GlobalSection(SolutionProperties) = preSolution
		HideSolutionNode = FALSE
	EndGlobalSection
	GlobalSection(NestedProjects) = preSolution
		{C51A3191-88B4-4C17-9469-7F43FAD6DBDE} = {0AB3BF05-4346-4AA6-1389-037BE0695223}
	EndGlobalSection
	GlobalSection(ExtensibilityGlobals) = postSolution
		SolutionGuid = {941ABD29-62AD-4A89-A3DA-041510E71A33}
	EndGlobalSection
EndGlobal
